
Microsoft Visual Studio Solution File, Format Version 12.00
# Visual Studio Version 16
VisualStudioVersion = 16.0.31005.135
MinimumVisualStudioVersion = 10.0.40219.1
Project("{8BC9CEB8-8B4A-11D0-8D11-00A0C91BC942}") = "GameServer", "GameServer\GameServer.vcxproj", "{F03FE732-3473-4BBD-94B1-D4916C3B4A15}"
EndProject
Project("{8BC9CEB8-8B4A-11D0-8D11-00A0C91BC942}") = "DummyClient", "DummyClient\DummyClient.vcxproj", "{BB44AE35-8484-4283-B63B-CEAC19CB6242}"
EndProject
Project("{8BC9CEB8-8B4A-11D0-8D11-00A0C91BC942}") = "ServerCore", "ServerCore\ServerCore.vcxproj", "{CAC2B122-7251-4759-8D77-04CD547B7348}"
EndProject
Project("{2150E333-8FDC-42A3-9474-1A3956D46DE8}") = "Tools", "Tools", "{4627EC3A-022F-43C6-989A-8C36DD102A12}"
EndProject
Project("{888888A0-9F3D-457C-B088-3A5042F75D52}") = "PacketGenerator", "Tools\PacketGenerator\PacketGenerator.pyproj", "{7FDA1F6F-FC72-427F-91C9-44F70F409E91}"
EndProject
Project("{888888A0-9F3D-457C-B088-3A5042F75D52}") = "ProcedureGenerator", "Tools\ProcedureGenerator\ProcedureGenerator.pyproj", "{F716DCE7-8567-4AE1-8698-C77757B52D6C}"
EndProject
Project("{8BC9CEB8-8B4A-11D0-8D11-00A0C91BC942}") = "ServerLauncher", "ServerLauncher\ServerLauncher.vcxproj", "{8E368539-707C-4BA9-919D-31B8AA467F26}"
EndProject
Project("{2150E333-8FDC-42A3-9474-1A3956D46DE8}") = "Servers", "Servers", "{A2980B2C-2344-4BA5-BF96-0EB9CD164D53}"
EndProject
Project("{2150E333-8FDC-42A3-9474-1A3956D46DE8}") = "Client", "Client", "{B1C0B583-CA4A-4A9B-A03F-2AA75631980C}"
EndProject
Project("{8BC9CEB8-8B4A-11D0-8D11-00A0C91BC942}") = "ZoneModule", "ZoneModule\ZoneModule.vcxproj", "{9080216E-8CE0-41A2-81BC-D598ADE3557B}"
EndProject
Project("{8BC9CEB8-8B4A-11D0-8D11-00A0C91BC942}") = "ChatModule", "ChatModule\ChatModule.vcxproj", "{D7B78964-3655-408D-9E8E-F021AE24F713}"
EndProject
Project("{8BC9CEB8-8B4A-11D0-8D11-00A0C91BC942}") = "ConnectorModule", "ConnectorModule\ConnectorModule.vcxproj", "{51DE2F23-C185-4418-B6FF-1F4CF1820756}"
EndProject
Project("{8BC9CEB8-8B4A-11D0-8D11-00A0C91BC942}") = "DBAgentModule", "DBAgentModule\DBAgentModule.vcxproj", "{C7156491-B5BD-4149-A629-9F7FA6DF6C46}"
EndProject
Project("{8BC9CEB8-8B4A-11D0-8D11-00A0C91BC942}") = "NetworkModule", "NetworkModule\NetworkModule.vcxproj", "{EA82D7A8-8E41-47B2-8C30-AE595A958077}"
EndProject
Project("{8BC9CEB8-8B4A-11D0-8D11-00A0C91BC942}") = "UserModule", "UserModule\UserModule.vcxproj", "{61AF007F-FB1E-46FB-9DC2-6B229ABA9BF2}"
EndProject
Global
	GlobalSection(SolutionConfigurationPlatforms) = preSolution
		Debug|Any CPU = Debug|Any CPU
		Debug|x64 = Debug|x64
		Debug|x86 = Debug|x86
		Release|Any CPU = Release|Any CPU
		Release|x64 = Release|x64
		Release|x86 = Release|x86
	EndGlobalSection
	GlobalSection(ProjectConfigurationPlatforms) = postSolution
		{F03FE732-3473-4BBD-94B1-D4916C3B4A15}.Debug|Any CPU.ActiveCfg = Debug|Win32
		{F03FE732-3473-4BBD-94B1-D4916C3B4A15}.Debug|x64.ActiveCfg = Debug|x64
		{F03FE732-3473-4BBD-94B1-D4916C3B4A15}.Debug|x64.Build.0 = Debug|x64
		{F03FE732-3473-4BBD-94B1-D4916C3B4A15}.Debug|x86.ActiveCfg = Debug|Win32
		{F03FE732-3473-4BBD-94B1-D4916C3B4A15}.Debug|x86.Build.0 = Debug|Win32
		{F03FE732-3473-4BBD-94B1-D4916C3B4A15}.Release|Any CPU.ActiveCfg = Release|Win32
		{F03FE732-3473-4BBD-94B1-D4916C3B4A15}.Release|x64.ActiveCfg = Release|x64
		{F03FE732-3473-4BBD-94B1-D4916C3B4A15}.Release|x64.Build.0 = Release|x64
		{F03FE732-3473-4BBD-94B1-D4916C3B4A15}.Release|x86.ActiveCfg = Release|Win32
		{F03FE732-3473-4BBD-94B1-D4916C3B4A15}.Release|x86.Build.0 = Release|Win32
		{BB44AE35-8484-4283-B63B-CEAC19CB6242}.Debug|Any CPU.ActiveCfg = Debug|Win32
		{BB44AE35-8484-4283-B63B-CEAC19CB6242}.Debug|x64.ActiveCfg = Debug|x64
		{BB44AE35-8484-4283-B63B-CEAC19CB6242}.Debug|x64.Build.0 = Debug|x64
		{BB44AE35-8484-4283-B63B-CEAC19CB6242}.Debug|x86.ActiveCfg = Debug|Win32
		{BB44AE35-8484-4283-B63B-CEAC19CB6242}.Debug|x86.Build.0 = Debug|Win32
		{BB44AE35-8484-4283-B63B-CEAC19CB6242}.Release|Any CPU.ActiveCfg = Release|Win32
		{BB44AE35-8484-4283-B63B-CEAC19CB6242}.Release|x64.ActiveCfg = Release|x64
		{BB44AE35-8484-4283-B63B-CEAC19CB6242}.Release|x64.Build.0 = Release|x64
		{BB44AE35-8484-4283-B63B-CEAC19CB6242}.Release|x86.ActiveCfg = Release|Win32
		{BB44AE35-8484-4283-B63B-CEAC19CB6242}.Release|x86.Build.0 = Release|Win32
		{CAC2B122-7251-4759-8D77-04CD547B7348}.Debug|Any CPU.ActiveCfg = Debug|Win32
		{CAC2B122-7251-4759-8D77-04CD547B7348}.Debug|x64.ActiveCfg = Debug|x64
		{CAC2B122-7251-4759-8D77-04CD547B7348}.Debug|x64.Build.0 = Debug|x64
		{CAC2B122-7251-4759-8D77-04CD547B7348}.Debug|x86.ActiveCfg = Debug|Win32
		{CAC2B122-7251-4759-8D77-04CD547B7348}.Debug|x86.Build.0 = Debug|Win32
		{CAC2B122-7251-4759-8D77-04CD547B7348}.Release|Any CPU.ActiveCfg = Release|Win32
		{CAC2B122-7251-4759-8D77-04CD547B7348}.Release|x64.ActiveCfg = Release|x64
		{CAC2B122-7251-4759-8D77-04CD547B7348}.Release|x64.Build.0 = Release|x64
		{CAC2B122-7251-4759-8D77-04CD547B7348}.Release|x86.ActiveCfg = Release|Win32
		{CAC2B122-7251-4759-8D77-04CD547B7348}.Release|x86.Build.0 = Release|Win32
		{7FDA1F6F-FC72-427F-91C9-44F70F409E91}.Debug|Any CPU.ActiveCfg = Debug|Any CPU
		{7FDA1F6F-FC72-427F-91C9-44F70F409E91}.Debug|x64.ActiveCfg = Debug|Any CPU
		{7FDA1F6F-FC72-427F-91C9-44F70F409E91}.Debug|x86.ActiveCfg = Debug|Any CPU
		{7FDA1F6F-FC72-427F-91C9-44F70F409E91}.Release|Any CPU.ActiveCfg = Release|Any CPU
		{7FDA1F6F-FC72-427F-91C9-44F70F409E91}.Release|x64.ActiveCfg = Release|Any CPU
		{7FDA1F6F-FC72-427F-91C9-44F70F409E91}.Release|x86.ActiveCfg = Release|Any CPU
		{F716DCE7-8567-4AE1-8698-C77757B52D6C}.Debug|Any CPU.ActiveCfg = Debug|Any CPU
		{F716DCE7-8567-4AE1-8698-C77757B52D6C}.Debug|x64.ActiveCfg = Debug|Any CPU
		{F716DCE7-8567-4AE1-8698-C77757B52D6C}.Debug|x86.ActiveCfg = Debug|Any CPU
		{F716DCE7-8567-4AE1-8698-C77757B52D6C}.Release|Any CPU.ActiveCfg = Release|Any CPU
		{F716DCE7-8567-4AE1-8698-C77757B52D6C}.Release|x64.ActiveCfg = Release|Any CPU
		{F716DCE7-8567-4AE1-8698-C77757B52D6C}.Release|x86.ActiveCfg = Release|Any CPU
		{8E368539-707C-4BA9-919D-31B8AA467F26}.Debug|Any CPU.ActiveCfg = Debug|Win32
		{8E368539-707C-4BA9-919D-31B8AA467F26}.Debug|x64.ActiveCfg = Debug|x64
		{8E368539-707C-4BA9-919D-31B8AA467F26}.Debug|x64.Build.0 = Debug|x64
		{8E368539-707C-4BA9-919D-31B8AA467F26}.Debug|x86.ActiveCfg = Debug|Win32
		{8E368539-707C-4BA9-919D-31B8AA467F26}.Debug|x86.Build.0 = Debug|Win32
		{8E368539-707C-4BA9-919D-31B8AA467F26}.Release|Any CPU.ActiveCfg = Release|Win32
		{8E368539-707C-4BA9-919D-31B8AA467F26}.Release|x64.ActiveCfg = Release|x64
		{8E368539-707C-4BA9-919D-31B8AA467F26}.Release|x64.Build.0 = Release|x64
		{8E368539-707C-4BA9-919D-31B8AA467F26}.Release|x86.ActiveCfg = Release|Win32
		{8E368539-707C-4BA9-919D-31B8AA467F26}.Release|x86.Build.0 = Release|Win32
		{9080216E-8CE0-41A2-81BC-D598ADE3557B}.Debug|Any CPU.ActiveCfg = Debug|Win32
		{9080216E-8CE0-41A2-81BC-D598ADE3557B}.Debug|x64.ActiveCfg = Debug|x64
		{9080216E-8CE0-41A2-81BC-D598ADE3557B}.Debug|x64.Build.0 = Debug|x64
		{9080216E-8CE0-41A2-81BC-D598ADE3557B}.Debug|x86.ActiveCfg = Debug|Win32
		{9080216E-8CE0-41A2-81BC-D598ADE3557B}.Debug|x86.Build.0 = Debug|Win32
		{9080216E-8CE0-41A2-81BC-D598ADE3557B}.Release|Any CPU.ActiveCfg = Release|Win32
		{9080216E-8CE0-41A2-81BC-D598ADE3557B}.Release|x64.ActiveCfg = Release|x64
		{9080216E-8CE0-41A2-81BC-D598ADE3557B}.Release|x64.Build.0 = Release|x64
		{9080216E-8CE0-41A2-81BC-D598ADE3557B}.Release|x86.ActiveCfg = Release|Win32
		{9080216E-8CE0-41A2-81BC-D598ADE3557B}.Release|x86.Build.0 = Release|Win32
		{D7B78964-3655-408D-9E8E-F021AE24F713}.Debug|Any CPU.ActiveCfg = Debug|Win32
		{D7B78964-3655-408D-9E8E-F021AE24F713}.Debug|x64.ActiveCfg = Debug|x64
		{D7B78964-3655-408D-9E8E-F021AE24F713}.Debug|x64.Build.0 = Debug|x64
		{D7B78964-3655-408D-9E8E-F021AE24F713}.Debug|x86.ActiveCfg = Debug|Win32
		{D7B78964-3655-408D-9E8E-F021AE24F713}.Debug|x86.Build.0 = Debug|Win32
		{D7B78964-3655-408D-9E8E-F021AE24F713}.Release|Any CPU.ActiveCfg = Release|Win32
		{D7B78964-3655-408D-9E8E-F021AE24F713}.Release|x64.ActiveCfg = Release|x64
		{D7B78964-3655-408D-9E8E-F021AE24F713}.Release|x64.Build.0 = Release|x64
		{D7B78964-3655-408D-9E8E-F021AE24F713}.Release|x86.ActiveCfg = Release|Win32
		{D7B78964-3655-408D-9E8E-F021AE24F713}.Release|x86.Build.0 = Release|Win32
		{51DE2F23-C185-4418-B6FF-1F4CF1820756}.Debug|Any CPU.ActiveCfg = Debug|Win32
		{51DE2F23-C185-4418-B6FF-1F4CF1820756}.Debug|x64.ActiveCfg = Debug|x64
		{51DE2F23-C185-4418-B6FF-1F4CF1820756}.Debug|x64.Build.0 = Debug|x64
		{51DE2F23-C185-4418-B6FF-1F4CF1820756}.Debug|x86.ActiveCfg = Debug|Win32
		{51DE2F23-C185-4418-B6FF-1F4CF1820756}.Debug|x86.Build.0 = Debug|Win32
		{51DE2F23-C185-4418-B6FF-1F4CF1820756}.Release|Any CPU.ActiveCfg = Release|Win32
		{51DE2F23-C185-4418-B6FF-1F4CF1820756}.Release|x64.ActiveCfg = Release|x64
		{51DE2F23-C185-4418-B6FF-1F4CF1820756}.Release|x64.Build.0 = Release|x64
		{51DE2F23-C185-4418-B6FF-1F4CF1820756}.Release|x86.ActiveCfg = Release|Win32
		{51DE2F23-C185-4418-B6FF-1F4CF1820756}.Release|x86.Build.0 = Release|Win32
		{C7156491-B5BD-4149-A629-9F7FA6DF6C46}.Debug|Any CPU.ActiveCfg = Debug|Win32
		{C7156491-B5BD-4149-A629-9F7FA6DF6C46}.Debug|x64.ActiveCfg = Debug|x64
		{C7156491-B5BD-4149-A629-9F7FA6DF6C46}.Debug|x64.Build.0 = Debug|x64
		{C7156491-B5BD-4149-A629-9F7FA6DF6C46}.Debug|x86.ActiveCfg = Debug|Win32
		{C7156491-B5BD-4149-A629-9F7FA6DF6C46}.Debug|x86.Build.0 = Debug|Win32
		{C7156491-B5BD-4149-A629-9F7FA6DF6C46}.Release|Any CPU.ActiveCfg = Release|Win32
		{C7156491-B5BD-4149-A629-9F7FA6DF6C46}.Release|x64.ActiveCfg = Release|x64
		{C7156491-B5BD-4149-A629-9F7FA6DF6C46}.Release|x64.Build.0 = Release|x64
		{C7156491-B5BD-4149-A629-9F7FA6DF6C46}.Release|x86.ActiveCfg = Release|Win32
		{C7156491-B5BD-4149-A629-9F7FA6DF6C46}.Release|x86.Build.0 = Release|Win32
		{EA82D7A8-8E41-47B2-8C30-AE595A958077}.Debug|Any CPU.ActiveCfg = Debug|Win32
		{EA82D7A8-8E41-47B2-8C30-AE595A958077}.Debug|x64.ActiveCfg = Debug|x64
		{EA82D7A8-8E41-47B2-8C30-AE595A958077}.Debug|x64.Build.0 = Debug|x64
		{EA82D7A8-8E41-47B2-8C30-AE595A958077}.Debug|x86.ActiveCfg = Debug|Win32
		{EA82D7A8-8E41-47B2-8C30-AE595A958077}.Debug|x86.Build.0 = Debug|Win32
		{EA82D7A8-8E41-47B2-8C30-AE595A958077}.Release|Any CPU.ActiveCfg = Release|Win32
		{EA82D7A8-8E41-47B2-8C30-AE595A958077}.Release|x64.ActiveCfg = Release|x64
		{EA82D7A8-8E41-47B2-8C30-AE595A958077}.Release|x64.Build.0 = Release|x64
		{EA82D7A8-8E41-47B2-8C30-AE595A958077}.Release|x86.ActiveCfg = Release|Win32
		{EA82D7A8-8E41-47B2-8C30-AE595A958077}.Release|x86.Build.0 = Release|Win32
		{61AF007F-FB1E-46FB-9DC2-6B229ABA9BF2}.Debug|Any CPU.ActiveCfg = Debug|Win32
		{61AF007F-FB1E-46FB-9DC2-6B229ABA9BF2}.Debug|x64.ActiveCfg = Debug|x64
		{61AF007F-FB1E-46FB-9DC2-6B229ABA9BF2}.Debug|x64.Build.0 = Debug|x64
		{61AF007F-FB1E-46FB-9DC2-6B229ABA9BF2}.Debug|x86.ActiveCfg = Debug|Win32
		{61AF007F-FB1E-46FB-9DC2-6B229ABA9BF2}.Debug|x86.Build.0 = Debug|Win32
		{61AF007F-FB1E-46FB-9DC2-6B229ABA9BF2}.Release|Any CPU.ActiveCfg = Release|Win32
		{61AF007F-FB1E-46FB-9DC2-6B229ABA9BF2}.Release|x64.ActiveCfg = Release|x64
		{61AF007F-FB1E-46FB-9DC2-6B229ABA9BF2}.Release|x64.Build.0 = Release|x64
		{61AF007F-FB1E-46FB-9DC2-6B229ABA9BF2}.Release|x86.ActiveCfg = Release|Win32
		{61AF007F-FB1E-46FB-9DC2-6B229ABA9BF2}.Release|x86.Build.0 = Release|Win32
	EndGlobalSection
	GlobalSection(SolutionProperties) = preSolution
		HideSolutionNode = FALSE
	EndGlobalSection
	GlobalSection(NestedProjects) = preSolution
		{BB44AE35-8484-4283-B63B-CEAC19CB6242} = {B1C0B583-CA4A-4A9B-A03F-2AA75631980C}
		{CAC2B122-7251-4759-8D77-04CD547B7348} = {A2980B2C-2344-4BA5-BF96-0EB9CD164D53}
		{7FDA1F6F-FC72-427F-91C9-44F70F409E91} = {4627EC3A-022F-43C6-989A-8C36DD102A12}
		{F716DCE7-8567-4AE1-8698-C77757B52D6C} = {4627EC3A-022F-43C6-989A-8C36DD102A12}
		{8E368539-707C-4BA9-919D-31B8AA467F26} = {A2980B2C-2344-4BA5-BF96-0EB9CD164D53}
		{9080216E-8CE0-41A2-81BC-D598ADE3557B} = {A2980B2C-2344-4BA5-BF96-0EB9CD164D53}
		{D7B78964-3655-408D-9E8E-F021AE24F713} = {A2980B2C-2344-4BA5-BF96-0EB9CD164D53}
		{51DE2F23-C185-4418-B6FF-1F4CF1820756} = {A2980B2C-2344-4BA5-BF96-0EB9CD164D53}
		{C7156491-B5BD-4149-A629-9F7FA6DF6C46} = {A2980B2C-2344-4BA5-BF96-0EB9CD164D53}
		{EA82D7A8-8E41-47B2-8C30-AE595A958077} = {A2980B2C-2344-4BA5-BF96-0EB9CD164D53}
		{61AF007F-FB1E-46FB-9DC2-6B229ABA9BF2} = {A2980B2C-2344-4BA5-BF96-0EB9CD164D53}
	EndGlobalSection
	GlobalSection(ExtensibilityGlobals) = postSolution
		SolutionGuid = {1E060915-B863-46DA-90CF-E578696AA9FC}
	EndGlobalSection
EndGlobal
