<?xml version="1.0" encoding="utf-8"?>
<Project ToolsVersion="4.0" xmlns="http://schemas.microsoft.com/developer/msbuild/2003">
  <ItemGroup>
    <Filter Include="Main">
      <UniqueIdentifier>{102063ab-5029-4c8b-b34f-39158095ab28}</UniqueIdentifier>
    </Filter>
  </ItemGroup>
  <ItemGroup>
    <ClInclude Include="framework.h">
      <Filter>Main</Filter>
    </ClInclude>
    <ClInclude Include="pch.h">
      <Filter>Main</Filter>
    </ClInclude>
    <ClInclude Include="UserServer.h">
      <Filter>Main</Filter>
    </ClInclude>
    <ClInclude Include="userbase.h">
      <Filter>Main</Filter>
    </ClInclude>
  </ItemGroup>
  <ItemGroup>
    <ClCompile Include="pch.cpp">
      <Filter>Main</Filter>
    </ClCompile>
    <ClCompile Include="dllmain.cpp">
      <Filter>Main</Filter>
    </ClCompile>
    <ClCompile Include="UserServer.cpp">
      <Filter>Main</Filter>
    </ClCompile>
  </ItemGroup>
</Project>